
Microsoft Visual Studio Solution File, Format Version 12.00
# Visual Studio Version 17
VisualStudioVersion = 17.5.33424.131
MinimumVisualStudioVersion = 10.0.40219.1
Project("{FAE04EC0-301F-11D3-BF4B-00C04F79EFBC}") = "ListCalculate", "ListCalculate\ListCalculate.csproj", "{1379AC10-667D-48DA-9B0C-F074E35DBE9C}"
EndProject
Project("{FAE04EC0-301F-11D3-BF4B-00C04F79EFBC}") = "Alarm", "Alarm\Alarm.csproj", "{BE311BFC-BB31-4654-A436-E8712FC77126}"
EndProject
Global
	GlobalSection(SolutionConfigurationPlatforms) = preSolution
		Debug|Any CPU = Debug|Any CPU
		Release|Any CPU = Release|Any CPU
	EndGlobalSection
	GlobalSection(ProjectConfigurationPlatforms) = postSolution
		{1379AC10-667D-48DA-9B0C-F074E35DBE9C}.Debug|Any CPU.ActiveCfg = Debug|Any CPU
		{1379AC10-667D-48DA-9B0C-F074E35DBE9C}.Debug|Any CPU.Build.0 = Debug|Any CPU
		{1379AC10-667D-48DA-9B0C-F074E35DBE9C}.Release|Any CPU.ActiveCfg = Release|Any CPU
		{1379AC10-667D-48DA-9B0C-F074E35DBE9C}.Release|Any CPU.Build.0 = Release|Any CPU
		{BE311BFC-BB31-4654-A436-E8712FC77126}.Debug|Any CPU.ActiveCfg = Debug|Any CPU
		{BE311BFC-BB31-4654-A436-E8712FC77126}.Debug|Any CPU.Build.0 = Debug|Any CPU
		{BE311BFC-BB31-4654-A436-E8712FC77126}.Release|Any CPU.ActiveCfg = Release|Any CPU
		{BE311BFC-BB31-4654-A436-E8712FC77126}.Release|Any CPU.Build.0 = Release|Any CPU
	EndGlobalSection
	GlobalSection(SolutionProperties) = preSolution
		HideSolutionNode = FALSE
	EndGlobalSection
	GlobalSection(ExtensibilityGlobals) = postSolution
		SolutionGuid = {A3A7637A-A194-4D5D-8991-30A64395404C}
	EndGlobalSection
EndGlobal
