
Microsoft Visual Studio Solution File, Format Version 12.00
# Visual Studio Version 17
VisualStudioVersion = 17.5.33424.131
MinimumVisualStudioVersion = 10.0.40219.1
Project("{9A19103F-16F7-4668-BE54-9A1E7A4F7556}") = "OrderServiceWinForms", "OrderServiceWinForms\OrderServiceWinForms.csproj", "{73294E38-FC00-448F-9C15-713C9AA3B400}"
EndProject
Project("{FAE04EC0-301F-11D3-BF4B-00C04F79EFBC}") = "OrderApp", "OrderApp\OrderApp.csproj", "{E9DFC95C-CC3B-4C2B-BCF7-4AB230AB3AA3}"
EndProject
Global
	GlobalSection(SolutionConfigurationPlatforms) = preSolution
		Debug|Any CPU = Debug|Any CPU
		Release|Any CPU = Release|Any CPU
	EndGlobalSection
	GlobalSection(ProjectConfigurationPlatforms) = postSolution
		{73294E38-FC00-448F-9C15-713C9AA3B400}.Debug|Any CPU.ActiveCfg = Debug|Any CPU
		{73294E38-FC00-448F-9C15-713C9AA3B400}.Debug|Any CPU.Build.0 = Debug|Any CPU
		{73294E38-FC00-448F-9C15-713C9AA3B400}.Release|Any CPU.ActiveCfg = Release|Any CPU
		{73294E38-FC00-448F-9C15-713C9AA3B400}.Release|Any CPU.Build.0 = Release|Any CPU
		{E9DFC95C-CC3B-4C2B-BCF7-4AB230AB3AA3}.Debug|Any CPU.ActiveCfg = Debug|Any CPU
		{E9DFC95C-CC3B-4C2B-BCF7-4AB230AB3AA3}.Debug|Any CPU.Build.0 = Debug|Any CPU
		{E9DFC95C-CC3B-4C2B-BCF7-4AB230AB3AA3}.Release|Any CPU.ActiveCfg = Release|Any CPU
		{E9DFC95C-CC3B-4C2B-BCF7-4AB230AB3AA3}.Release|Any CPU.Build.0 = Release|Any CPU
	EndGlobalSection
	GlobalSection(SolutionProperties) = preSolution
		HideSolutionNode = FALSE
	EndGlobalSection
	GlobalSection(ExtensibilityGlobals) = postSolution
		SolutionGuid = {B3A03829-5648-4423-8C56-CAB37C2B3E10}
	EndGlobalSection
EndGlobal
